
Microsoft Visual Studio Solution File, Format Version 12.00
# Visual Studio 14
VisualStudioVersion = 14.0.23107.0
MinimumVisualStudioVersion = 10.0.40219.1
Project("{E24C65DC-7377-472B-9ABA-BC803B73C61A}") = "WebsiteNgoaiNgu_DuHoc(1)", "D:\solution\WebsiteNgoaiNgu_DuHoc\", "{522A6FA9-913F-474A-924F-D3B80CBCC316}"
	ProjectSection(WebsiteProperties) = preProject
		TargetFrameworkMoniker = ".NETFramework,Version%3Dv4.5.2"
		Debug.AspNetCompiler.VirtualPath = "/localhost_8264"
		Debug.AspNetCompiler.PhysicalPath = "D:\solution\WebsiteNgoaiNgu_DuHoc\"
		Debug.AspNetCompiler.TargetPath = "PrecompiledWeb\localhost_8264\"
		Debug.AspNetCompiler.Updateable = "true"
		Debug.AspNetCompiler.ForceOverwrite = "true"
		Debug.AspNetCompiler.FixedNames = "false"
		Debug.AspNetCompiler.Debug = "True"
		Release.AspNetCompiler.VirtualPath = "/localhost_8264"
		Release.AspNetCompiler.PhysicalPath = "D:\solution\WebsiteNgoaiNgu_DuHoc\"
		Release.AspNetCompiler.TargetPath = "PrecompiledWeb\localhost_8264\"
		Release.AspNetCompiler.Updateable = "true"
		Release.AspNetCompiler.ForceOverwrite = "true"
		Release.AspNetCompiler.FixedNames = "false"
		Release.AspNetCompiler.Debug = "False"
		VWDPort = "8264"
	EndProjectSection
EndProject
Global
	GlobalSection(SolutionConfigurationPlatforms) = preSolution
		Debug|Any CPU = Debug|Any CPU
	EndGlobalSection
	GlobalSection(ProjectConfigurationPlatforms) = postSolution
		{522A6FA9-913F-474A-924F-D3B80CBCC316}.Debug|Any CPU.ActiveCfg = Debug|Any CPU
		{522A6FA9-913F-474A-924F-D3B80CBCC316}.Debug|Any CPU.Build.0 = Debug|Any CPU
	EndGlobalSection
	GlobalSection(SolutionProperties) = preSolution
		HideSolutionNode = FALSE
	EndGlobalSection
EndGlobal
